
Microsoft Visual Studio Solution File, Format Version 12.00
Project("{FAE04EC0-301F-11D3-BF4B-00C04F79EFBC}") = "NetCore.ApiFirst.OpenApi.Generator.WebApi", "src\NetCore.ApiFirst.OpenApi.Generator.WebApi\NetCore.ApiFirst.OpenApi.Generator.WebApi.csproj", "{B4909F41-EC1B-400E-91B9-1CD2B769352C}"
EndProject
Global
	GlobalSection(SolutionConfigurationPlatforms) = preSolution
		Debug|Any CPU = Debug|Any CPU
		Release|Any CPU = Release|Any CPU
	EndGlobalSection
	GlobalSection(ProjectConfigurationPlatforms) = postSolution
		{B4909F41-EC1B-400E-91B9-1CD2B769352C}.Debug|Any CPU.ActiveCfg = Debug|Any CPU
		{B4909F41-EC1B-400E-91B9-1CD2B769352C}.Debug|Any CPU.Build.0 = Debug|Any CPU
		{B4909F41-EC1B-400E-91B9-1CD2B769352C}.Release|Any CPU.ActiveCfg = Release|Any CPU
		{B4909F41-EC1B-400E-91B9-1CD2B769352C}.Release|Any CPU.Build.0 = Release|Any CPU
	EndGlobalSection
EndGlobal
